# This file is automatically @generated by Poetry 1.5.4 and should not be changed by hand.

[[package]]
name = "7xydothis"
version = "0.1.1"
description = "Utitilies to use the 7xydothis APIs"
optional = false
python-versions = "*"
files = [
    {file = "7xydothis-0.1.1.tar.gz", hash = "sha256:76d243b70a10d51ea87312a97a7d7b1a525984fd56d1c5f41650a1fa0fde1bc1"},
]

[metadata]
lock-version = "2.0"
python-versions = ">=3.10.0,<3.12"
content-hash = "fb024594c4a4df27d6cc55c1bdc73d2a1cf5604769cfed9e2240c540daeed28f"
